
Microsoft Visual Studio Solution File, Format Version 12.00
# Visual Studio Version 16
VisualStudioVersion = 25.0.1706.7
MinimumVisualStudioVersion = 10.0.40219.1
Project("{FAE04EC0-301F-11D3-BF4B-00C04F79EFBC}") = "labOne", "labOne\labOne.csproj", "{70A1D037-D2D3-454A-B926-4ABCC6EF40C2}"
EndProject
Global
	GlobalSection(SolutionConfigurationPlatforms) = preSolution
		Debug|Any CPU = Debug|Any CPU
		Release|Any CPU = Release|Any CPU
	EndGlobalSection
	GlobalSection(ProjectConfigurationPlatforms) = postSolution
		{70A1D037-D2D3-454A-B926-4ABCC6EF40C2}.Debug|Any CPU.ActiveCfg = Debug|Any CPU
		{70A1D037-D2D3-454A-B926-4ABCC6EF40C2}.Debug|Any CPU.Build.0 = Debug|Any CPU
		{70A1D037-D2D3-454A-B926-4ABCC6EF40C2}.Release|Any CPU.ActiveCfg = Release|Any CPU
		{70A1D037-D2D3-454A-B926-4ABCC6EF40C2}.Release|Any CPU.Build.0 = Release|Any CPU
	EndGlobalSection
	GlobalSection(SolutionProperties) = preSolution
		HideSolutionNode = FALSE
	EndGlobalSection
	GlobalSection(ExtensibilityGlobals) = postSolution
		SolutionGuid = {DC2A0D55-2AC0-42D8-9E07-70BE2DA68562}
	EndGlobalSection
EndGlobal
